
Microsoft Visual Studio Solution File, Format Version 12.00
# Visual Studio 15
VisualStudioVersion = 15.0.27130.2026
MinimumVisualStudioVersion = 10.0.40219.1
Project("{FAE04EC0-301F-11D3-BF4B-00C04F79EFBC}") = "ClassLibrary2", "ClassLibrary2\ClassLibrary2.csproj", "{90179935-ED44-4B90-9B4B-832DF95983A3}"
EndProject
Global
	GlobalSection(SolutionConfigurationPlatforms) = preSolution
		Debug|Any CPU = Debug|Any CPU
		Release|Any CPU = Release|Any CPU
	EndGlobalSection
	GlobalSection(ProjectConfigurationPlatforms) = postSolution
		{90179935-ED44-4B90-9B4B-832DF95983A3}.Debug|Any CPU.ActiveCfg = Debug|Any CPU
		{90179935-ED44-4B90-9B4B-832DF95983A3}.Debug|Any CPU.Build.0 = Debug|Any CPU
		{90179935-ED44-4B90-9B4B-832DF95983A3}.Release|Any CPU.ActiveCfg = Release|Any CPU
		{90179935-ED44-4B90-9B4B-832DF95983A3}.Release|Any CPU.Build.0 = Release|Any CPU
	EndGlobalSection
	GlobalSection(SolutionProperties) = preSolution
		HideSolutionNode = FALSE
	EndGlobalSection
	GlobalSection(ExtensibilityGlobals) = postSolution
		SolutionGuid = {C937A8BA-8192-45D4-B500-F442EF7594E5}
	EndGlobalSection
EndGlobal
